<?xml version="1.0" encoding="utf-8"?>
<Project ToolsVersion="4.0" xmlns="http://schemas.microsoft.com/developer/msbuild/2003">
  <ItemGroup>
    <Filter Include="Source Files">
      <UniqueIdentifier>{4FC737F1-C7A5-4376-A066-2A32D752A2FF}</UniqueIdentifier>
      <Extensions>cpp;c;cc;cxx;c++;cppm;ixx;def;odl;idl;hpj;bat;asm;asmx</Extensions>
    </Filter>
    <Filter Include="Header Files">
      <UniqueIdentifier>{93995380-89BD-4b04-88EB-625FBE52EBFB}</UniqueIdentifier>
      <Extensions>h;hh;hpp;hxx;h++;hm;inl;inc;ipp;xsd</Extensions>
    </Filter>
    <Filter Include="Resource Files">
      <UniqueIdentifier>{67DA6AB6-F800-4c08-8B7A-83BB121AAD01}</UniqueIdentifier>
      <Extensions>rc;ico;cur;bmp;dlg;rc2;rct;bin;rgs;gif;jpg;jpeg;jpe;resx;tiff;tif;png;wav;mfcribbon-ms</Extensions>
    </Filter>
    <Filter Include="Source Files\CONTROLLERS">
      <UniqueIdentifier>{3004dc57-5918-4be5-ad78-89af225df757}</UniqueIdentifier>
    </Filter>
    <Filter Include="Source Files\CRUD">
      <UniqueIdentifier>{20394fef-f30e-4296-945f-4bb63ce9069e}</UniqueIdentifier>
    </Filter>
  </ItemGroup>
  <ItemGroup>
    <ClCompile Include="backend.cpp">
      <Filter>Source Files</Filter>
    </ClCompile>
    <ClCompile Include="Users.cpp">
      <Filter>Source Files\CONTROLLERS</Filter>
    </ClCompile>
    <ClCompile Include="Friendships.cpp">
      <Filter>Source Files\CONTROLLERS</Filter>
    </ClCompile>
    <ClCompile Include="Tasks.cpp">
      <Filter>Source Files\CONTROLLERS</Filter>
    </ClCompile>
    <ClCompile Include="FriendStatuses.cpp">
      <Filter>Source Files\CONTROLLERS</Filter>
    </ClCompile>
    <ClCompile Include="TaskStatuses.cpp">
      <Filter>Source Files\CONTROLLERS</Filter>
    </ClCompile>
    <ClCompile Include="TaskCategories.cpp">
      <Filter>Source Files\CONTROLLERS</Filter>
    </ClCompile>
    <ClCompile Include="CRUD.cpp">
      <Filter>Source Files\CRUD</Filter>
    </ClCompile>
  </ItemGroup>
  <ItemGroup>
    <ClInclude Include="iCrudOperations.h">
      <Filter>Header Files</Filter>
    </ClInclude>
    <ClInclude Include="Users.h">
      <Filter>Header Files</Filter>
    </ClInclude>
    <ClInclude Include="Friendships.h">
      <Filter>Header Files</Filter>
    </ClInclude>
    <ClInclude Include="Tasks.h">
      <Filter>Header Files</Filter>
    </ClInclude>
    <ClInclude Include="FriendStatuses.h">
      <Filter>Header Files</Filter>
    </ClInclude>
    <ClInclude Include="TaskStatuses.h">
      <Filter>Header Files</Filter>
    </ClInclude>
    <ClInclude Include="TaskCategories.h">
      <Filter>Header Files</Filter>
    </ClInclude>
    <ClInclude Include="CRUD.h">
      <Filter>Header Files</Filter>
    </ClInclude>
    <ClInclude Include="config.h">
      <Filter>Header Files</Filter>
    </ClInclude>
  </ItemGroup>
</Project>